
Microsoft Visual Studio Solution File, Format Version 12.00
# Visual Studio 2013
Project("{FAE04EC0-301F-11D3-BF4B-00C04F79EFBC}") = "Tesselation.CSharp", "Tesselation.CSharp.csproj", "{7336612C-14AF-2C66-D5F5-80A9966FDFB3}"
EndProject
Project("{FAE04EC0-301F-11D3-BF4B-00C04F79EFBC}") = "Tesselation.CSharp.Editor", "Tesselation.CSharp.Editor.csproj", "{C1324A1F-7DF1-6086-DFCE-B1C2BF2F1AE7}"
EndProject
Global
	GlobalSection(SolutionConfigurationPlatforms) = preSolution
		Debug|Any CPU = Debug|Any CPU
		Release|Any CPU = Release|Any CPU
	EndGlobalSection
	GlobalSection(ProjectConfigurationPlatforms) = postSolution
		{7336612C-14AF-2C66-D5F5-80A9966FDFB3}.Debug|Any CPU.ActiveCfg = Debug|Any CPU
		{7336612C-14AF-2C66-D5F5-80A9966FDFB3}.Debug|Any CPU.Build.0 = Debug|Any CPU
		{7336612C-14AF-2C66-D5F5-80A9966FDFB3}.Release|Any CPU.ActiveCfg = Release|Any CPU
		{7336612C-14AF-2C66-D5F5-80A9966FDFB3}.Release|Any CPU.Build.0 = Release|Any CPU
		{C1324A1F-7DF1-6086-DFCE-B1C2BF2F1AE7}.Debug|Any CPU.ActiveCfg = Debug|Any CPU
		{C1324A1F-7DF1-6086-DFCE-B1C2BF2F1AE7}.Debug|Any CPU.Build.0 = Debug|Any CPU
		{C1324A1F-7DF1-6086-DFCE-B1C2BF2F1AE7}.Release|Any CPU.ActiveCfg = Release|Any CPU
		{C1324A1F-7DF1-6086-DFCE-B1C2BF2F1AE7}.Release|Any CPU.Build.0 = Release|Any CPU
	EndGlobalSection
	GlobalSection(SolutionProperties) = preSolution
		HideSolutionNode = FALSE
	EndGlobalSection
EndGlobal
